
Microsoft Visual Studio Solution File, Format Version 12.00
# Visual Studio Version 17
VisualStudioVersion = 17.2.32630.192
MinimumVisualStudioVersion = 10.0.40219.1
Project("{FAE04EC0-301F-11D3-BF4B-00C04F79EFBC}") = "tryCatch2", "tryCatch2\tryCatch2.csproj", "{60F84EA3-67FD-4810-A1C5-3309B6AAB803}"
EndProject
Global
	GlobalSection(SolutionConfigurationPlatforms) = preSolution
		Debug|Any CPU = Debug|Any CPU
		Release|Any CPU = Release|Any CPU
	EndGlobalSection
	GlobalSection(ProjectConfigurationPlatforms) = postSolution
		{60F84EA3-67FD-4810-A1C5-3309B6AAB803}.Debug|Any CPU.ActiveCfg = Debug|Any CPU
		{60F84EA3-67FD-4810-A1C5-3309B6AAB803}.Debug|Any CPU.Build.0 = Debug|Any CPU
		{60F84EA3-67FD-4810-A1C5-3309B6AAB803}.Release|Any CPU.ActiveCfg = Release|Any CPU
		{60F84EA3-67FD-4810-A1C5-3309B6AAB803}.Release|Any CPU.Build.0 = Release|Any CPU
	EndGlobalSection
	GlobalSection(SolutionProperties) = preSolution
		HideSolutionNode = FALSE
	EndGlobalSection
	GlobalSection(ExtensibilityGlobals) = postSolution
		SolutionGuid = {8FA5A3D1-DB8E-4DB5-9D27-5E585FF1710B}
	EndGlobalSection
EndGlobal
